<?xml version="1.0" encoding="utf-8"?>
<Project ToolsVersion="4.0" xmlns="http://schemas.microsoft.com/developer/msbuild/2003">
  <ItemGroup>
    <Filter Include="Source Files">
      <UniqueIdentifier>{4FC737F1-C7A5-4376-A066-2A32D752A2FF}</UniqueIdentifier>
      <Extensions>cpp;c;cc;cxx;c++;cppm;ixx;def;odl;idl;hpj;bat;asm;asmx</Extensions>
    </Filter>
    <Filter Include="Header Files">
      <UniqueIdentifier>{93995380-89BD-4b04-88EB-625FBE52EBFB}</UniqueIdentifier>
      <Extensions>h;hh;hpp;hxx;h++;hm;inl;inc;ipp;xsd</Extensions>
    </Filter>
    <Filter Include="Resource Files">
      <UniqueIdentifier>{67DA6AB6-F800-4c08-8B7A-83BB121AAD01}</UniqueIdentifier>
      <Extensions>rc;ico;cur;bmp;dlg;rc2;rct;bin;rgs;gif;jpg;jpeg;jpe;resx;tiff;tif;png;wav;mfcribbon-ms</Extensions>
    </Filter>
    <Filter Include="Source Files\GLAD">
      <UniqueIdentifier>{9ba698ff-0fc8-4860-a55c-8d21184ae2d3}</UniqueIdentifier>
    </Filter>
    <Filter Include="Source Files\Shaders">
      <UniqueIdentifier>{464d3e57-231f-4d40-894e-27925176ce69}</UniqueIdentifier>
    </Filter>
    <Filter Include="Source Files\Helpers">
      <UniqueIdentifier>{d3f30de3-a1f5-4a90-8c5c-6330823226f6}</UniqueIdentifier>
    </Filter>
    <Filter Include="Source Files\GLAD\Exercises">
      <UniqueIdentifier>{7e2e07fd-19fb-4231-bec3-3e90b501c923}</UniqueIdentifier>
    </Filter>
  </ItemGroup>
  <ItemGroup>
    <ClCompile Include="D:\Downloads\glad.c">
      <Filter>Source Files\GLAD</Filter>
    </ClCompile>
    <ClCompile Include="main.cpp">
      <Filter>Source Files</Filter>
    </ClCompile>
    <ClCompile Include="stb_image.cpp">
      <Filter>Source Files\Helpers</Filter>
    </ClCompile>
  </ItemGroup>
  <ItemGroup>
    <None Include="SimpleVertShader.vert">
      <Filter>Source Files\Shaders</Filter>
    </None>
    <None Include="SimpleFragShader.frag">
      <Filter>Source Files\Shaders</Filter>
    </None>
    <None Include="TextureVertShader.vert">
      <Filter>Source Files\Shaders</Filter>
    </None>
    <None Include="TextureFragShader.frag">
      <Filter>Source Files\Shaders</Filter>
    </None>
    <None Include="TextureMixFragShader.frag">
      <Filter>Source Files\Shaders</Filter>
    </None>
    <None Include="RotationMatrixShader.vert">
      <Filter>Source Files\Shaders</Filter>
    </None>
    <None Include="PerspectiveVertShader.vert">
      <Filter>Source Files\Shaders</Filter>
    </None>
    <None Include="LightingShader.vert">
      <Filter>Source Files\Shaders</Filter>
    </None>
    <None Include="LightingShader.frag">
      <Filter>Source Files\Shaders</Filter>
    </None>
    <None Include="LightSourceShader.vert">
      <Filter>Source Files\Shaders</Filter>
    </None>
    <None Include="LightSourceShader.frag">
      <Filter>Source Files\Shaders</Filter>
    </None>
  </ItemGroup>
  <ItemGroup>
    <Image Include="awesomeface.png">
      <Filter>Resource Files</Filter>
    </Image>
    <Image Include="container.jpg">
      <Filter>Resource Files</Filter>
    </Image>
  </ItemGroup>
  <ItemGroup>
    <ClInclude Include="Camera.h">
      <Filter>Header Files</Filter>
    </ClInclude>
  </ItemGroup>
</Project>